
Microsoft Visual Studio Solution File, Format Version 12.00
# Visual Studio Version 17
VisualStudioVersion = 17.2.32519.379
MinimumVisualStudioVersion = 10.0.40219.1
Project("{9A19103F-16F7-4668-BE54-9A1E7A4F7556}") = "RazorWeb", "RazorWeb.csproj", "{D58BA890-DC40-4289-958E-FF498E31B1AE}"
EndProject
Project("{9A19103F-16F7-4668-BE54-9A1E7A4F7556}") = "Data", "..\Data\Data.csproj", "{DF2576AB-90E5-4BE7-AAD2-2799C4B73202}"
EndProject
Project("{9A19103F-16F7-4668-BE54-9A1E7A4F7556}") = "AdminWeb", "..\AdminWeb\AdminWeb.csproj", "{D071151E-E710-4F3A-A6A5-23AF574E45C2}"
EndProject
Project("{9A19103F-16F7-4668-BE54-9A1E7A4F7556}") = "ServiceForFE", "..\ServiceForFE\ServiceForFE.csproj", "{56EEA237-2F2C-488A-8F76-1CB2E9BF6133}"
EndProject
Global
	GlobalSection(SolutionConfigurationPlatforms) = preSolution
		Debug|Any CPU = Debug|Any CPU
		Release|Any CPU = Release|Any CPU
	EndGlobalSection
	GlobalSection(ProjectConfigurationPlatforms) = postSolution
		{D58BA890-DC40-4289-958E-FF498E31B1AE}.Debug|Any CPU.ActiveCfg = Debug|Any CPU
		{D58BA890-DC40-4289-958E-FF498E31B1AE}.Debug|Any CPU.Build.0 = Debug|Any CPU
		{D58BA890-DC40-4289-958E-FF498E31B1AE}.Release|Any CPU.ActiveCfg = Release|Any CPU
		{D58BA890-DC40-4289-958E-FF498E31B1AE}.Release|Any CPU.Build.0 = Release|Any CPU
		{DF2576AB-90E5-4BE7-AAD2-2799C4B73202}.Debug|Any CPU.ActiveCfg = Debug|Any CPU
		{DF2576AB-90E5-4BE7-AAD2-2799C4B73202}.Debug|Any CPU.Build.0 = Debug|Any CPU
		{DF2576AB-90E5-4BE7-AAD2-2799C4B73202}.Release|Any CPU.ActiveCfg = Release|Any CPU
		{DF2576AB-90E5-4BE7-AAD2-2799C4B73202}.Release|Any CPU.Build.0 = Release|Any CPU
		{D071151E-E710-4F3A-A6A5-23AF574E45C2}.Debug|Any CPU.ActiveCfg = Debug|Any CPU
		{D071151E-E710-4F3A-A6A5-23AF574E45C2}.Debug|Any CPU.Build.0 = Debug|Any CPU
		{D071151E-E710-4F3A-A6A5-23AF574E45C2}.Release|Any CPU.ActiveCfg = Release|Any CPU
		{D071151E-E710-4F3A-A6A5-23AF574E45C2}.Release|Any CPU.Build.0 = Release|Any CPU
		{56EEA237-2F2C-488A-8F76-1CB2E9BF6133}.Debug|Any CPU.ActiveCfg = Debug|Any CPU
		{56EEA237-2F2C-488A-8F76-1CB2E9BF6133}.Debug|Any CPU.Build.0 = Debug|Any CPU
		{56EEA237-2F2C-488A-8F76-1CB2E9BF6133}.Release|Any CPU.ActiveCfg = Release|Any CPU
		{56EEA237-2F2C-488A-8F76-1CB2E9BF6133}.Release|Any CPU.Build.0 = Release|Any CPU
	EndGlobalSection
	GlobalSection(SolutionProperties) = preSolution
		HideSolutionNode = FALSE
	EndGlobalSection
	GlobalSection(ExtensibilityGlobals) = postSolution
		SolutionGuid = {AFC89112-DA6A-480F-A2BA-B4AF51BC1299}
	EndGlobalSection
EndGlobal
